// !$*UTF8*$!
{
	archiveVersion = 1;
	classes = {
	};
	objectVersion = 50;
	objects = {

/* Begin PBXBuildFile section */
		1109BF5A2576E2C200E7B38C /* AppDelegate.swift in Sources */ = {isa = PBXBuildFile; fileRef = 1109BF592576E2C200E7B38C /* AppDelegate.swift */; };
		1109BF5C2576E2C200E7B38C /* SceneDelegate.swift in Sources */ = {isa = PBXBuildFile; fileRef = 1109BF5B2576E2C200E7B38C /* SceneDelegate.swift */; };
		1109BF612576E2C200E7B38C /* Main.storyboard in Resources */ = {isa = PBXBuildFile; fileRef = 1109BF5F2576E2C200E7B38C /* Main.storyboard */; };
		1109BF632576E2C200E7B38C /* Assets.xcassets in Resources */ = {isa = PBXBuildFile; fileRef = 1109BF622576E2C200E7B38C /* Assets.xcassets */; };
		1109BF662576E2C200E7B38C /* LaunchScreen.storyboard in Resources */ = {isa = PBXBuildFile; fileRef = 1109BF642576E2C200E7B38C /* LaunchScreen.storyboard */; };
		1109BF732576E3BD00E7B38C /* Coordinator.swift in Sources */ = {isa = PBXBuildFile; fileRef = 1109BF722576E3BD00E7B38C /* Coordinator.swift */; };
		1109BF772576E41C00E7B38C /* HomeTableViewController.swift in Sources */ = {isa = PBXBuildFile; fileRef = 1109BF762576E41C00E7B38C /* HomeTableViewController.swift */; };
		1109BF7B2576E4DF00E7B38C /* MainCoordinator.swift in Sources */ = {isa = PBXBuildFile; fileRef = 1109BF7A2576E4DF00E7B38C /* MainCoordinator.swift */; };
		1109BF7F2576E67600E7B38C /* CMMotionManager+Shared.swift in Sources */ = {isa = PBXBuildFile; fileRef = 1109BF7E2576E67600E7B38C /* CMMotionManager+Shared.swift */; };
		1109BF822576E9DE00E7B38C /* Storyboarded.swift in Sources */ = {isa = PBXBuildFile; fileRef = 1109BF812576E9DE00E7B38C /* Storyboarded.swift */; };
		1109BF862576F52100E7B38C /* DataViewController.swift in Sources */ = {isa = PBXBuildFile; fileRef = 1109BF852576F52100E7B38C /* DataViewController.swift */; };
		1109BF942577110500E7B38C /* HomeTableViewCell.swift in Sources */ = {isa = PBXBuildFile; fileRef = 1109BF932577110500E7B38C /* HomeTableViewCell.swift */; };
		1109BF992577129E00E7B38C /* UILabel.swift in Sources */ = {isa = PBXBuildFile; fileRef = 1109BF982577129E00E7B38C /* UILabel.swift */; };
		1109BFA225771F3600E7B38C /* Helpers.swift in Sources */ = {isa = PBXBuildFile; fileRef = 1109BFA125771F3600E7B38C /* Helpers.swift */; };
		112158DE25791CDE001A83FA /* Location.swift in Sources */ = {isa = PBXBuildFile; fileRef = 112158DD25791CDE001A83FA /* Location.swift */; };
		1153FFE72577201A009BE38F /* DataLabel.swift in Sources */ = {isa = PBXBuildFile; fileRef = 1153FFE62577201A009BE38F /* DataLabel.swift */; };
		11A2C8DD25783DDF00521340 /* CMMotionActivityManager+Shared.swift in Sources */ = {isa = PBXBuildFile; fileRef = 11A2C8DC25783DDF00521340 /* CMMotionActivityManager+Shared.swift */; };
		11A2C8E12578411C00521340 /* CPPedometer+Shared.swift in Sources */ = {isa = PBXBuildFile; fileRef = 11A2C8E02578411C00521340 /* CPPedometer+Shared.swift */; };
		11A2C8E42578532D00521340 /* CMAltimeter+Shared.swift in Sources */ = {isa = PBXBuildFile; fileRef = 11A2C8E32578532D00521340 /* CMAltimeter+Shared.swift */; };
		11A2C8E7257866FD00521340 /* TitleLabel.swift in Sources */ = {isa = PBXBuildFile; fileRef = 11A2C8E6257866FD00521340 /* TitleLabel.swift */; };
/* End PBXBuildFile section */

/* Begin PBXFileReference section */
		1109BF562576E2C200E7B38C /* SensorsTestApp.app */ = {isa = PBXFileReference; explicitFileType = wrapper.application; includeInIndex = 0; path = SensorsTestApp.app; sourceTree = BUILT_PRODUCTS_DIR; };
		1109BF592576E2C200E7B38C /* AppDelegate.swift */ = {isa = PBXFileReference; lastKnownFileType = sourcecode.swift; path = AppDelegate.swift; sourceTree = "<group>"; };
		1109BF5B2576E2C200E7B38C /* SceneDelegate.swift */ = {isa = PBXFileReference; lastKnownFileType = sourcecode.swift; path = SceneDelegate.swift; sourceTree = "<group>"; };
		1109BF602576E2C200E7B38C /* Base */ = {isa = PBXFileReference; lastKnownFileType = file.storyboard; name = Base; path = Base.lproj/Main.storyboard; sourceTree = "<group>"; };
		1109BF622576E2C200E7B38C /* Assets.xcassets */ = {isa = PBXFileReference; lastKnownFileType = folder.assetcatalog; path = Assets.xcassets; sourceTree = "<group>"; };
		1109BF652576E2C200E7B38C /* Base */ = {isa = PBXFileReference; lastKnownFileType = file.storyboard; name = Base; path = Base.lproj/LaunchScreen.storyboard; sourceTree = "<group>"; };
		1109BF672576E2C200E7B38C /* Info.plist */ = {isa = PBXFileReference; lastKnownFileType = text.plist.xml; path = Info.plist; sourceTree = "<group>"; };
		1109BF722576E3BD00E7B38C /* Coordinator.swift */ = {isa = PBXFileReference; lastKnownFileType = sourcecode.swift; path = Coordinator.swift; sourceTree = "<group>"; };
		1109BF762576E41C00E7B38C /* HomeTableViewController.swift */ = {isa = PBXFileReference; lastKnownFileType = sourcecode.swift; path = HomeTableViewController.swift; sourceTree = "<group>"; };
		1109BF7A2576E4DF00E7B38C /* MainCoordinator.swift */ = {isa = PBXFileReference; lastKnownFileType = sourcecode.swift; path = MainCoordinator.swift; sourceTree = "<group>"; };
		1109BF7E2576E67600E7B38C /* CMMotionManager+Shared.swift */ = {isa = PBXFileReference; lastKnownFileType = sourcecode.swift; path = "CMMotionManager+Shared.swift"; sourceTree = "<group>"; };
		1109BF812576E9DE00E7B38C /* Storyboarded.swift */ = {isa = PBXFileReference; lastKnownFileType = sourcecode.swift; path = Storyboarded.swift; sourceTree = "<group>"; };
		1109BF852576F52100E7B38C /* DataViewController.swift */ = {isa = PBXFileReference; lastKnownFileType = sourcecode.swift; path = DataViewController.swift; sourceTree = "<group>"; };
		1109BF932577110500E7B38C /* HomeTableViewCell.swift */ = {isa = PBXFileReference; lastKnownFileType = sourcecode.swift; path = HomeTableViewCell.swift; sourceTree = "<group>"; };
		1109BF982577129E00E7B38C /* UILabel.swift */ = {isa = PBXFileReference; lastKnownFileType = sourcecode.swift; path = UILabel.swift; sourceTree = "<group>"; };
		1109BFA125771F3600E7B38C /* Helpers.swift */ = {isa = PBXFileReference; lastKnownFileType = sourcecode.swift; path = Helpers.swift; sourceTree = "<group>"; };
		112158DD25791CDE001A83FA /* Location.swift */ = {isa = PBXFileReference; lastKnownFileType = sourcecode.swift; path = Location.swift; sourceTree = "<group>"; };
		1153FFE62577201A009BE38F /* DataLabel.swift */ = {isa = PBXFileReference; lastKnownFileType = sourcecode.swift; path = DataLabel.swift; sourceTree = "<group>"; };
		11A2C8DC25783DDF00521340 /* CMMotionActivityManager+Shared.swift */ = {isa = PBXFileReference; lastKnownFileType = sourcecode.swift; path = "CMMotionActivityManager+Shared.swift"; sourceTree = "<group>"; };
		11A2C8E02578411C00521340 /* CPPedometer+Shared.swift */ = {isa = PBXFileReference; lastKnownFileType = sourcecode.swift; path = "CPPedometer+Shared.swift"; sourceTree = "<group>"; };
		11A2C8E32578532D00521340 /* CMAltimeter+Shared.swift */ = {isa = PBXFileReference; lastKnownFileType = sourcecode.swift; path = "CMAltimeter+Shared.swift"; sourceTree = "<group>"; };
		11A2C8E6257866FD00521340 /* TitleLabel.swift */ = {isa = PBXFileReference; lastKnownFileType = sourcecode.swift; path = TitleLabel.swift; sourceTree = "<group>"; };
/* End PBXFileReference section */

/* Begin PBXFrameworksBuildPhase section */
		1109BF532576E2C200E7B38C /* Frameworks */ = {
			isa = PBXFrameworksBuildPhase;
			buildActionMask = 2147483647;
			files = (
			);
			runOnlyForDeploymentPostprocessing = 0;
		};
/* End PBXFrameworksBuildPhase section */

/* Begin PBXGroup section */
		1109BF4D2576E2C200E7B38C = {
			isa = PBXGroup;
			children = (
				1109BF582576E2C200E7B38C /* SensorsTestApp */,
				1109BF572576E2C200E7B38C /* Products */,
			);
			sourceTree = "<group>";
		};
		1109BF572576E2C200E7B38C /* Products */ = {
			isa = PBXGroup;
			children = (
				1109BF562576E2C200E7B38C /* SensorsTestApp.app */,
			);
			name = Products;
			sourceTree = "<group>";
		};
		1109BF582576E2C200E7B38C /* SensorsTestApp */ = {
			isa = PBXGroup;
			children = (
				1109BF9D25771CF400E7B38C /* Coordinator */,
				1109BF9C25771C6B00E7B38C /* Helpers */,
				1109BF972577126D00E7B38C /* Extensions */,
				1109BF962577112E00E7B38C /* Controllers */,
				1109BF9125770C7C00E7B38C /* Views */,
				1109BF9E25771D1C00E7B38C /* Storyboard */,
				1109BF622576E2C200E7B38C /* Assets.xcassets */,
				1109BF672576E2C200E7B38C /* Info.plist */,
				1109BF702576E32D00E7B38C /* Supporting Files */,
			);
			path = SensorsTestApp;
			sourceTree = "<group>";
		};
		1109BF702576E32D00E7B38C /* Supporting Files */ = {
			isa = PBXGroup;
			children = (
				1109BF592576E2C200E7B38C /* AppDelegate.swift */,
				1109BF5B2576E2C200E7B38C /* SceneDelegate.swift */,
				1109BF642576E2C200E7B38C /* LaunchScreen.storyboard */,
			);
			path = "Supporting Files";
			sourceTree = "<group>";
		};
		1109BF9125770C7C00E7B38C /* Views */ = {
			isa = PBXGroup;
			children = (
				1109BF932577110500E7B38C /* HomeTableViewCell.swift */,
				1153FFE62577201A009BE38F /* DataLabel.swift */,
				11A2C8E6257866FD00521340 /* TitleLabel.swift */,
			);
			path = Views;
			sourceTree = "<group>";
		};
		1109BF962577112E00E7B38C /* Controllers */ = {
			isa = PBXGroup;
			children = (
				1109BF762576E41C00E7B38C /* HomeTableViewController.swift */,
				1109BF852576F52100E7B38C /* DataViewController.swift */,
			);
			path = Controllers;
			sourceTree = "<group>";
		};
		1109BF972577126D00E7B38C /* Extensions */ = {
			isa = PBXGroup;
			children = (
				1109BF982577129E00E7B38C /* UILabel.swift */,
			);
			path = Extensions;
			sourceTree = "<group>";
		};
		1109BF9C25771C6B00E7B38C /* Helpers */ = {
			isa = PBXGroup;
			children = (
				1109BFA125771F3600E7B38C /* Helpers.swift */,
				1109BF7E2576E67600E7B38C /* CMMotionManager+Shared.swift */,
				11A2C8DC25783DDF00521340 /* CMMotionActivityManager+Shared.swift */,
				11A2C8E02578411C00521340 /* CPPedometer+Shared.swift */,
				11A2C8E32578532D00521340 /* CMAltimeter+Shared.swift */,
				112158DD25791CDE001A83FA /* Location.swift */,
			);
			path = Helpers;
			sourceTree = "<group>";
		};
		1109BF9D25771CF400E7B38C /* Coordinator */ = {
			isa = PBXGroup;
			children = (
				1109BF722576E3BD00E7B38C /* Coordinator.swift */,
				1109BF7A2576E4DF00E7B38C /* MainCoordinator.swift */,
			);
			path = Coordinator;
			sourceTree = "<group>";
		};
		1109BF9E25771D1C00E7B38C /* Storyboard */ = {
			isa = PBXGroup;
			children = (
				1109BF5F2576E2C200E7B38C /* Main.storyboard */,
				1109BF812576E9DE00E7B38C /* Storyboarded.swift */,
			);
			path = Storyboard;
			sourceTree = "<group>";
		};
/* End PBXGroup section */

/* Begin PBXNativeTarget section */
		1109BF552576E2C200E7B38C /* SensorsTestApp */ = {
			isa = PBXNativeTarget;
			buildConfigurationList = 1109BF6A2576E2C200E7B38C /* Build configuration list for PBXNativeTarget "SensorsTestApp" */;
			buildPhases = (
				1109BF522576E2C200E7B38C /* Sources */,
				1109BF532576E2C200E7B38C /* Frameworks */,
				1109BF542576E2C200E7B38C /* Resources */,
			);
			buildRules = (
			);
			dependencies = (
			);
			name = SensorsTestApp;
			productName = SensorsTestApp;
			productReference = 1109BF562576E2C200E7B38C /* SensorsTestApp.app */;
			productType = "com.apple.product-type.application";
		};
/* End PBXNativeTarget section */

/* Begin PBXProject section */
		1109BF4E2576E2C200E7B38C /* Project object */ = {
			isa = PBXProject;
			attributes = {
				LastSwiftUpdateCheck = 1220;
				LastUpgradeCheck = 1220;
				TargetAttributes = {
					1109BF552576E2C200E7B38C = {
						CreatedOnToolsVersion = 12.2;
					};
				};
			};
			buildConfigurationList = 1109BF512576E2C200E7B38C /* Build configuration list for PBXProject "SensorsTestApp" */;
			compatibilityVersion = "Xcode 9.3";
			developmentRegion = en;
			hasScannedForEncodings = 0;
			knownRegions = (
				en,
				Base,
			);
			mainGroup = 1109BF4D2576E2C200E7B38C;
			productRefGroup = 1109BF572576E2C200E7B38C /* Products */;
			projectDirPath = "";
			projectRoot = "";
			targets = (
				1109BF552576E2C200E7B38C /* SensorsTestApp */,
			);
		};
/* End PBXProject section */

/* Begin PBXResourcesBuildPhase section */
		1109BF542576E2C200E7B38C /* Resources */ = {
			isa = PBXResourcesBuildPhase;
			buildActionMask = 2147483647;
			files = (
				1109BF662576E2C200E7B38C /* LaunchScreen.storyboard in Resources */,
				1109BF632576E2C200E7B38C /* Assets.xcassets in Resources */,
				1109BF612576E2C200E7B38C /* Main.storyboard in Resources */,
			);
			runOnlyForDeploymentPostprocessing = 0;
		};
/* End PBXResourcesBuildPhase section */

/* Begin PBXSourcesBuildPhase section */
		1109BF522576E2C200E7B38C /* Sources */ = {
			isa = PBXSourcesBuildPhase;
			buildActionMask = 2147483647;
			files = (
				1109BF992577129E00E7B38C /* UILabel.swift in Sources */,
				1109BF732576E3BD00E7B38C /* Coordinator.swift in Sources */,
				11A2C8DD25783DDF00521340 /* CMMotionActivityManager+Shared.swift in Sources */,
				11A2C8E12578411C00521340 /* CPPedometer+Shared.swift in Sources */,
				1109BF5A2576E2C200E7B38C /* AppDelegate.swift in Sources */,
				112158DE25791CDE001A83FA /* Location.swift in Sources */,
				1109BF862576F52100E7B38C /* DataViewController.swift in Sources */,
				1109BFA225771F3600E7B38C /* Helpers.swift in Sources */,
				1109BF5C2576E2C200E7B38C /* SceneDelegate.swift in Sources */,
				1109BF7F2576E67600E7B38C /* CMMotionManager+Shared.swift in Sources */,
				1109BF7B2576E4DF00E7B38C /* MainCoordinator.swift in Sources */,
				1153FFE72577201A009BE38F /* DataLabel.swift in Sources */,
				1109BF942577110500E7B38C /* HomeTableViewCell.swift in Sources */,
				1109BF772576E41C00E7B38C /* HomeTableViewController.swift in Sources */,
				11A2C8E7257866FD00521340 /* TitleLabel.swift in Sources */,
				11A2C8E42578532D00521340 /* CMAltimeter+Shared.swift in Sources */,
				1109BF822576E9DE00E7B38C /* Storyboarded.swift in Sources */,
			);
			runOnlyForDeploymentPostprocessing = 0;
		};
/* End PBXSourcesBuildPhase section */

/* Begin PBXVariantGroup section */
		1109BF5F2576E2C200E7B38C /* Main.storyboard */ = {
			isa = PBXVariantGroup;
			children = (
				1109BF602576E2C200E7B38C /* Base */,
			);
			name = Main.storyboard;
			sourceTree = "<group>";
		};
		1109BF642576E2C200E7B38C /* LaunchScreen.storyboard */ = {
			isa = PBXVariantGroup;
			children = (
				1109BF652576E2C200E7B38C /* Base */,
			);
			name = LaunchScreen.storyboard;
			sourceTree = "<group>";
		};
/* End PBXVariantGroup section */

/* Begin XCBuildConfiguration section */
		1109BF682576E2C200E7B38C /* Debug */ = {
			isa = XCBuildConfiguration;
			buildSettings = {
				ALWAYS_SEARCH_USER_PATHS = NO;
				CLANG_ANALYZER_NONNULL = YES;
				CLANG_ANALYZER_NUMBER_OBJECT_CONVERSION = YES_AGGRESSIVE;
				CLANG_CXX_LANGUAGE_STANDARD = "gnu++14";
				CLANG_CXX_LIBRARY = "libc++";
				CLANG_ENABLE_MODULES = YES;
				CLANG_ENABLE_OBJC_ARC = YES;
				CLANG_ENABLE_OBJC_WEAK = YES;
				CLANG_WARN_BLOCK_CAPTURE_AUTORELEASING = YES;
				CLANG_WARN_BOOL_CONVERSION = YES;
				CLANG_WARN_COMMA = YES;
				CLANG_WARN_CONSTANT_CONVERSION = YES;
				CLANG_WARN_DEPRECATED_OBJC_IMPLEMENTATIONS = YES;
				CLANG_WARN_DIRECT_OBJC_ISA_USAGE = YES_ERROR;
				CLANG_WARN_DOCUMENTATION_COMMENTS = YES;
				CLANG_WARN_EMPTY_BODY = YES;
				CLANG_WARN_ENUM_CONVERSION = YES;
				CLANG_WARN_INFINITE_RECURSION = YES;
				CLANG_WARN_INT_CONVERSION = YES;
				CLANG_WARN_NON_LITERAL_NULL_CONVERSION = YES;
				CLANG_WARN_OBJC_IMPLICIT_RETAIN_SELF = YES;
				CLANG_WARN_OBJC_LITERAL_CONVERSION = YES;
				CLANG_WARN_OBJC_ROOT_CLASS = YES_ERROR;
				CLANG_WARN_QUOTED_INCLUDE_IN_FRAMEWORK_HEADER = YES;
				CLANG_WARN_RANGE_LOOP_ANALYSIS = YES;
				CLANG_WARN_STRICT_PROTOTYPES = YES;
				CLANG_WARN_SUSPICIOUS_MOVE = YES;
				CLANG_WARN_UNGUARDED_AVAILABILITY = YES_AGGRESSIVE;
				CLANG_WARN_UNREACHABLE_CODE = YES;
				CLANG_WARN__DUPLICATE_METHOD_MATCH = YES;
				COPY_PHASE_STRIP = NO;
				DEBUG_INFORMATION_FORMAT = dwarf;
				ENABLE_STRICT_OBJC_MSGSEND = YES;
				ENABLE_TESTABILITY = YES;
				GCC_C_LANGUAGE_STANDARD = gnu11;
				GCC_DYNAMIC_NO_PIC = NO;
				GCC_NO_COMMON_BLOCKS = YES;
				GCC_OPTIMIZATION_LEVEL = 0;
				GCC_PREPROCESSOR_DEFINITIONS = (
					"DEBUG=1",
					"$(inherited)",
				);
				GCC_WARN_64_TO_32_BIT_CONVERSION = YES;
				GCC_WARN_ABOUT_RETURN_TYPE = YES_ERROR;
				GCC_WARN_UNDECLARED_SELECTOR = YES;
				GCC_WARN_UNINITIALIZED_AUTOS = YES_AGGRESSIVE;
				GCC_WARN_UNUSED_FUNCTION = YES;
				GCC_WARN_UNUSED_VARIABLE = YES;
				IPHONEOS_DEPLOYMENT_TARGET = 13.0;
				MTL_ENABLE_DEBUG_INFO = INCLUDE_SOURCE;
				MTL_FAST_MATH = YES;
				ONLY_ACTIVE_ARCH = YES;
				SDKROOT = iphoneos;
				SWIFT_ACTIVE_COMPILATION_CONDITIONS = DEBUG;
				SWIFT_OPTIMIZATION_LEVEL = "-Onone";
			};
			name = Debug;
		};
		1109BF692576E2C200E7B38C /* Release */ = {
			isa = XCBuildConfiguration;
			buildSettings = {
				ALWAYS_SEARCH_USER_PATHS = NO;
				CLANG_ANALYZER_NONNULL = YES;
				CLANG_ANALYZER_NUMBER_OBJECT_CONVERSION = YES_AGGRESSIVE;
				CLANG_CXX_LANGUAGE_STANDARD = "gnu++14";
				CLANG_CXX_LIBRARY = "libc++";
				CLANG_ENABLE_MODULES = YES;
				CLANG_ENABLE_OBJC_ARC = YES;
				CLANG_ENABLE_OBJC_WEAK = YES;
				CLANG_WARN_BLOCK_CAPTURE_AUTORELEASING = YES;
				CLANG_WARN_BOOL_CONVERSION = YES;
				CLANG_WARN_COMMA = YES;
				CLANG_WARN_CONSTANT_CONVERSION = YES;
				CLANG_WARN_DEPRECATED_OBJC_IMPLEMENTATIONS = YES;
				CLANG_WARN_DIRECT_OBJC_ISA_USAGE = YES_ERROR;
				CLANG_WARN_DOCUMENTATION_COMMENTS = YES;
				CLANG_WARN_EMPTY_BODY = YES;
				CLANG_WARN_ENUM_CONVERSION = YES;
				CLANG_WARN_INFINITE_RECURSION = YES;
				CLANG_WARN_INT_CONVERSION = YES;
				CLANG_WARN_NON_LITERAL_NULL_CONVERSION = YES;
				CLANG_WARN_OBJC_IMPLICIT_RETAIN_SELF = YES;
				CLANG_WARN_OBJC_LITERAL_CONVERSION = YES;
				CLANG_WARN_OBJC_ROOT_CLASS = YES_ERROR;
				CLANG_WARN_QUOTED_INCLUDE_IN_FRAMEWORK_HEADER = YES;
				CLANG_WARN_RANGE_LOOP_ANALYSIS = YES;
				CLANG_WARN_STRICT_PROTOTYPES = YES;
				CLANG_WARN_SUSPICIOUS_MOVE = YES;
				CLANG_WARN_UNGUARDED_AVAILABILITY = YES_AGGRESSIVE;
				CLANG_WARN_UNREACHABLE_CODE = YES;
				CLANG_WARN__DUPLICATE_METHOD_MATCH = YES;
				COPY_PHASE_STRIP = NO;
				DEBUG_INFORMATION_FORMAT = "dwarf-with-dsym";
				ENABLE_NS_ASSERTIONS = NO;
				ENABLE_STRICT_OBJC_MSGSEND = YES;
				GCC_C_LANGUAGE_STANDARD = gnu11;
				GCC_NO_COMMON_BLOCKS = YES;
				GCC_WARN_64_TO_32_BIT_CONVERSION = YES;
				GCC_WARN_ABOUT_RETURN_TYPE = YES_ERROR;
				GCC_WARN_UNDECLARED_SELECTOR = YES;
				GCC_WARN_UNINITIALIZED_AUTOS = YES_AGGRESSIVE;
				GCC_WARN_UNUSED_FUNCTION = YES;
				GCC_WARN_UNUSED_VARIABLE = YES;
				IPHONEOS_DEPLOYMENT_TARGET = 13.0;
				MTL_ENABLE_DEBUG_INFO = NO;
				MTL_FAST_MATH = YES;
				SDKROOT = iphoneos;
				SWIFT_COMPILATION_MODE = wholemodule;
				SWIFT_OPTIMIZATION_LEVEL = "-O";
				VALIDATE_PRODUCT = YES;
			};
			name = Release;
		};
		1109BF6B2576E2C200E7B38C /* Debug */ = {
			isa = XCBuildConfiguration;
			buildSettings = {
				ASSETCATALOG_COMPILER_APPICON_NAME = AppIcon;
				ASSETCATALOG_COMPILER_GLOBAL_ACCENT_COLOR_NAME = AccentColor;
				CODE_SIGN_STYLE = Automatic;
				DEVELOPMENT_TEAM = 959ZC92GA7;
				INFOPLIST_FILE = SensorsTestApp/Info.plist;
				LD_RUNPATH_SEARCH_PATHS = (
					"$(inherited)",
					"@executable_path/Frameworks",
				);
				PRODUCT_BUNDLE_IDENTIFIER = maxkalik.com.SensorsTestApp;
				PRODUCT_NAME = "$(TARGET_NAME)";
				SWIFT_VERSION = 5.0;
				TARGETED_DEVICE_FAMILY = "1,2";
			};
			name = Debug;
		};
		1109BF6C2576E2C200E7B38C /* Release */ = {
			isa = XCBuildConfiguration;
			buildSettings = {
				ASSETCATALOG_COMPILER_APPICON_NAME = AppIcon;
				ASSETCATALOG_COMPILER_GLOBAL_ACCENT_COLOR_NAME = AccentColor;
				CODE_SIGN_STYLE = Automatic;
				DEVELOPMENT_TEAM = 959ZC92GA7;
				INFOPLIST_FILE = SensorsTestApp/Info.plist;
				LD_RUNPATH_SEARCH_PATHS = (
					"$(inherited)",
					"@executable_path/Frameworks",
				);
				PRODUCT_BUNDLE_IDENTIFIER = maxkalik.com.SensorsTestApp;
				PRODUCT_NAME = "$(TARGET_NAME)";
				SWIFT_VERSION = 5.0;
				TARGETED_DEVICE_FAMILY = "1,2";
			};
			name = Release;
		};
/* End XCBuildConfiguration section */

/* Begin XCConfigurationList section */
		1109BF512576E2C200E7B38C /* Build configuration list for PBXProject "SensorsTestApp" */ = {
			isa = XCConfigurationList;
			buildConfigurations = (
				1109BF682576E2C200E7B38C /* Debug */,
				1109BF692576E2C200E7B38C /* Release */,
			);
			defaultConfigurationIsVisible = 0;
			defaultConfigurationName = Release;
		};
		1109BF6A2576E2C200E7B38C /* Build configuration list for PBXNativeTarget "SensorsTestApp" */ = {
			isa = XCConfigurationList;
			buildConfigurations = (
				1109BF6B2576E2C200E7B38C /* Debug */,
				1109BF6C2576E2C200E7B38C /* Release */,
			);
			defaultConfigurationIsVisible = 0;
			defaultConfigurationName = Release;
		};
/* End XCConfigurationList section */
	};
	rootObject = 1109BF4E2576E2C200E7B38C /* Project object */;
}
